
Microsoft Visual Studio Solution File, Format Version 12.00
# Visual Studio Version 16
VisualStudioVersion = 16.0.30717.126
MinimumVisualStudioVersion = 10.0.40219.1
Project("{FAE04EC0-301F-11D3-BF4B-00C04F79EFBC}") = "Simulation9Lab", "Simulation9Lab\Simulation9Lab.csproj", "{7278DC31-B512-4BE6-B8FA-806923657AD3}"
EndProject
Global
	GlobalSection(SolutionConfigurationPlatforms) = preSolution
		Debug|Any CPU = Debug|Any CPU
		Release|Any CPU = Release|Any CPU
	EndGlobalSection
	GlobalSection(ProjectConfigurationPlatforms) = postSolution
		{7278DC31-B512-4BE6-B8FA-806923657AD3}.Debug|Any CPU.ActiveCfg = Debug|Any CPU
		{7278DC31-B512-4BE6-B8FA-806923657AD3}.Debug|Any CPU.Build.0 = Debug|Any CPU
		{7278DC31-B512-4BE6-B8FA-806923657AD3}.Release|Any CPU.ActiveCfg = Release|Any CPU
		{7278DC31-B512-4BE6-B8FA-806923657AD3}.Release|Any CPU.Build.0 = Release|Any CPU
	EndGlobalSection
	GlobalSection(SolutionProperties) = preSolution
		HideSolutionNode = FALSE
	EndGlobalSection
	GlobalSection(ExtensibilityGlobals) = postSolution
		SolutionGuid = {C944B4DF-46AA-4E7E-9376-C4E3A6316324}
	EndGlobalSection
EndGlobal
